
Microsoft Visual Studio Solution File, Format Version 12.00
# Visual Studio 15
VisualStudioVersion = 15.0.28010.2046
MinimumVisualStudioVersion = 10.0.40219.1
Project("{9A19103F-16F7-4668-BE54-9A1E7A4F7556}") = "ViewComponentsTest", "ViewComponentsTest\ViewComponentsTest.csproj", "{42BB9C2C-6F99-4E7A-A822-BB2BE6E87A07}"
EndProject
Project("{FAE04EC0-301F-11D3-BF4B-00C04F79EFBC}") = "TestHarness", "TestHarness\TestHarness.csproj", "{224C9124-24EC-45B8-8BDA-D9095EA1E0D1}"
EndProject
Global
	GlobalSection(SolutionConfigurationPlatforms) = preSolution
		Debug|Any CPU = Debug|Any CPU
		Release|Any CPU = Release|Any CPU
	EndGlobalSection
	GlobalSection(ProjectConfigurationPlatforms) = postSolution
		{42BB9C2C-6F99-4E7A-A822-BB2BE6E87A07}.Debug|Any CPU.ActiveCfg = Debug|Any CPU
		{42BB9C2C-6F99-4E7A-A822-BB2BE6E87A07}.Debug|Any CPU.Build.0 = Debug|Any CPU
		{42BB9C2C-6F99-4E7A-A822-BB2BE6E87A07}.Release|Any CPU.ActiveCfg = Release|Any CPU
		{42BB9C2C-6F99-4E7A-A822-BB2BE6E87A07}.Release|Any CPU.Build.0 = Release|Any CPU
		{224C9124-24EC-45B8-8BDA-D9095EA1E0D1}.Debug|Any CPU.ActiveCfg = Debug|Any CPU
		{224C9124-24EC-45B8-8BDA-D9095EA1E0D1}.Debug|Any CPU.Build.0 = Debug|Any CPU
		{224C9124-24EC-45B8-8BDA-D9095EA1E0D1}.Release|Any CPU.ActiveCfg = Release|Any CPU
		{224C9124-24EC-45B8-8BDA-D9095EA1E0D1}.Release|Any CPU.Build.0 = Release|Any CPU
	EndGlobalSection
	GlobalSection(SolutionProperties) = preSolution
		HideSolutionNode = FALSE
	EndGlobalSection
	GlobalSection(ExtensibilityGlobals) = postSolution
		SolutionGuid = {CC5F8FC3-B5E6-4F9B-B557-4A9CB8E10D8F}
	EndGlobalSection
EndGlobal
